
Microsoft Visual Studio Solution File, Format Version 12.00
# Visual Studio Version 17
VisualStudioVersion = 17.11.35327.3
MinimumVisualStudioVersion = 10.0.40219.1
Project("{FAE04EC0-301F-11D3-BF4B-00C04F79EFBC}") = "Tyuiu.KarandaAR.Sprint5.Task0.V16", "Tyuiu.KarandaAR.Sprint5.Task0.V16\Tyuiu.KarandaAR.Sprint5.Task0.V16.csproj", "{778E1465-A216-4E57-BB0F-C0B2F236B302}"
EndProject
Project("{FAE04EC0-301F-11D3-BF4B-00C04F79EFBC}") = "Tyuiu.KarandaAR.Sprint5.Task0.V16.Lib", "Tyuiu.KarandaAR.Sprint5.Task0.V16.Lib\Tyuiu.KarandaAR.Sprint5.Task0.V16.Lib.csproj", "{1893D0AA-A8B8-4897-88BA-58720401E827}"
EndProject
Project("{FAE04EC0-301F-11D3-BF4B-00C04F79EFBC}") = "Tyuiu.KarandaAR.Sprint5.Task0.V16.Test", "Tyuiu.KarandaAR.Sprint5.Task0.V16.Test\Tyuiu.KarandaAR.Sprint5.Task0.V16.Test.csproj", "{9BB4B89C-A92C-48B4-A5C4-07E5A909CB0D}"
EndProject
Global
	GlobalSection(SolutionConfigurationPlatforms) = preSolution
		Debug|Any CPU = Debug|Any CPU
		Release|Any CPU = Release|Any CPU
	EndGlobalSection
	GlobalSection(ProjectConfigurationPlatforms) = postSolution
		{778E1465-A216-4E57-BB0F-C0B2F236B302}.Debug|Any CPU.ActiveCfg = Debug|Any CPU
		{778E1465-A216-4E57-BB0F-C0B2F236B302}.Debug|Any CPU.Build.0 = Debug|Any CPU
		{778E1465-A216-4E57-BB0F-C0B2F236B302}.Release|Any CPU.ActiveCfg = Release|Any CPU
		{778E1465-A216-4E57-BB0F-C0B2F236B302}.Release|Any CPU.Build.0 = Release|Any CPU
		{1893D0AA-A8B8-4897-88BA-58720401E827}.Debug|Any CPU.ActiveCfg = Debug|Any CPU
		{1893D0AA-A8B8-4897-88BA-58720401E827}.Debug|Any CPU.Build.0 = Debug|Any CPU
		{1893D0AA-A8B8-4897-88BA-58720401E827}.Release|Any CPU.ActiveCfg = Release|Any CPU
		{1893D0AA-A8B8-4897-88BA-58720401E827}.Release|Any CPU.Build.0 = Release|Any CPU
		{9BB4B89C-A92C-48B4-A5C4-07E5A909CB0D}.Debug|Any CPU.ActiveCfg = Debug|Any CPU
		{9BB4B89C-A92C-48B4-A5C4-07E5A909CB0D}.Debug|Any CPU.Build.0 = Debug|Any CPU
		{9BB4B89C-A92C-48B4-A5C4-07E5A909CB0D}.Release|Any CPU.ActiveCfg = Release|Any CPU
		{9BB4B89C-A92C-48B4-A5C4-07E5A909CB0D}.Release|Any CPU.Build.0 = Release|Any CPU
	EndGlobalSection
	GlobalSection(SolutionProperties) = preSolution
		HideSolutionNode = FALSE
	EndGlobalSection
	GlobalSection(ExtensibilityGlobals) = postSolution
		SolutionGuid = {18FF648E-E237-4F2B-B3E8-14257C5863AF}
	EndGlobalSection
EndGlobal
