
Microsoft Visual Studio Solution File, Format Version 12.00
# Visual Studio Version 17
VisualStudioVersion = 17.11.35327.3
MinimumVisualStudioVersion = 10.0.40219.1
Project("{FAE04EC0-301F-11D3-BF4B-00C04F79EFBC}") = "Tyuiu.KarandaAR.Sprint5.Task0.V16", "Tyuiu.KarandaAR.Sprint5.Task0.V16\Tyuiu.KarandaAR.Sprint5.Task0.V16.csproj", "{778E1465-A216-4E57-BB0F-C0B2F236B302}"
EndProject
Project("{FAE04EC0-301F-11D3-BF4B-00C04F79EFBC}") = "Tyuiu.KarandaAR.Sprint5.Task0.V16.Lib", "Tyuiu.KarandaAR.Sprint5.Task0.V16.Lib\Tyuiu.KarandaAR.Sprint5.Task0.V16.Lib.csproj", "{1893D0AA-A8B8-4897-88BA-58720401E827}"
EndProject
Project("{FAE04EC0-301F-11D3-BF4B-00C04F79EFBC}") = "Tyuiu.KarandaAR.Sprint5.Task0.V16.Test", "Tyuiu.KarandaAR.Sprint5.Task0.V16.Test\Tyuiu.KarandaAR.Sprint5.Task0.V16.Test.csproj", "{9BB4B89C-A92C-48B4-A5C4-07E5A909CB0D}"
EndProject
Project("{2150E333-8FDC-42A3-9474-1A3956D46DE8}") = "Task0", "Task0", "{72037252-E081-4664-8576-C63DBE0A7642}"
EndProject
Project("{2150E333-8FDC-42A3-9474-1A3956D46DE8}") = "Task1", "Task1", "{97B9E142-F167-4D41-9ED1-670FA6B89394}"
EndProject
Project("{FAE04EC0-301F-11D3-BF4B-00C04F79EFBC}") = "Tyuiu.KarandaAR.Sprint5.Task1.V15", "Tyuiu.KarandaAR.Sprint5.Task1.V15\Tyuiu.KarandaAR.Sprint5.Task1.V15.csproj", "{C2D7E13F-93B2-40D7-9E96-423D185607AA}"
EndProject
Project("{FAE04EC0-301F-11D3-BF4B-00C04F79EFBC}") = "Tyuiu.KarandaAR.Sprint5.Task1.V15.Lib", "Tyuiu.KarandaAR.Sprint5.Task1.V15.Lib\Tyuiu.KarandaAR.Sprint5.Task1.V15.Lib.csproj", "{2878F4B5-F7F5-4D8B-98B2-47EB6C978215}"
EndProject
Project("{FAE04EC0-301F-11D3-BF4B-00C04F79EFBC}") = "Tyuiu.KarandaAR.Sprint5.Task1.V15.Test", "Tyuiu.KarandaAR.Sprint5.Task1.V15.Test\Tyuiu.KarandaAR.Sprint5.Task1.V15.Test.csproj", "{792C62D7-22C1-4CD2-8CCE-157863A6BAF2}"
EndProject
Global
	GlobalSection(SolutionConfigurationPlatforms) = preSolution
		Debug|Any CPU = Debug|Any CPU
		Release|Any CPU = Release|Any CPU
	EndGlobalSection
	GlobalSection(ProjectConfigurationPlatforms) = postSolution
		{778E1465-A216-4E57-BB0F-C0B2F236B302}.Debug|Any CPU.ActiveCfg = Debug|Any CPU
		{778E1465-A216-4E57-BB0F-C0B2F236B302}.Debug|Any CPU.Build.0 = Debug|Any CPU
		{778E1465-A216-4E57-BB0F-C0B2F236B302}.Release|Any CPU.ActiveCfg = Release|Any CPU
		{778E1465-A216-4E57-BB0F-C0B2F236B302}.Release|Any CPU.Build.0 = Release|Any CPU
		{1893D0AA-A8B8-4897-88BA-58720401E827}.Debug|Any CPU.ActiveCfg = Debug|Any CPU
		{1893D0AA-A8B8-4897-88BA-58720401E827}.Debug|Any CPU.Build.0 = Debug|Any CPU
		{1893D0AA-A8B8-4897-88BA-58720401E827}.Release|Any CPU.ActiveCfg = Release|Any CPU
		{1893D0AA-A8B8-4897-88BA-58720401E827}.Release|Any CPU.Build.0 = Release|Any CPU
		{9BB4B89C-A92C-48B4-A5C4-07E5A909CB0D}.Debug|Any CPU.ActiveCfg = Debug|Any CPU
		{9BB4B89C-A92C-48B4-A5C4-07E5A909CB0D}.Debug|Any CPU.Build.0 = Debug|Any CPU
		{9BB4B89C-A92C-48B4-A5C4-07E5A909CB0D}.Release|Any CPU.ActiveCfg = Release|Any CPU
		{9BB4B89C-A92C-48B4-A5C4-07E5A909CB0D}.Release|Any CPU.Build.0 = Release|Any CPU
		{C2D7E13F-93B2-40D7-9E96-423D185607AA}.Debug|Any CPU.ActiveCfg = Debug|Any CPU
		{C2D7E13F-93B2-40D7-9E96-423D185607AA}.Debug|Any CPU.Build.0 = Debug|Any CPU
		{C2D7E13F-93B2-40D7-9E96-423D185607AA}.Release|Any CPU.ActiveCfg = Release|Any CPU
		{C2D7E13F-93B2-40D7-9E96-423D185607AA}.Release|Any CPU.Build.0 = Release|Any CPU
		{2878F4B5-F7F5-4D8B-98B2-47EB6C978215}.Debug|Any CPU.ActiveCfg = Debug|Any CPU
		{2878F4B5-F7F5-4D8B-98B2-47EB6C978215}.Debug|Any CPU.Build.0 = Debug|Any CPU
		{2878F4B5-F7F5-4D8B-98B2-47EB6C978215}.Release|Any CPU.ActiveCfg = Release|Any CPU
		{2878F4B5-F7F5-4D8B-98B2-47EB6C978215}.Release|Any CPU.Build.0 = Release|Any CPU
		{792C62D7-22C1-4CD2-8CCE-157863A6BAF2}.Debug|Any CPU.ActiveCfg = Debug|Any CPU
		{792C62D7-22C1-4CD2-8CCE-157863A6BAF2}.Debug|Any CPU.Build.0 = Debug|Any CPU
		{792C62D7-22C1-4CD2-8CCE-157863A6BAF2}.Release|Any CPU.ActiveCfg = Release|Any CPU
		{792C62D7-22C1-4CD2-8CCE-157863A6BAF2}.Release|Any CPU.Build.0 = Release|Any CPU
	EndGlobalSection
	GlobalSection(SolutionProperties) = preSolution
		HideSolutionNode = FALSE
	EndGlobalSection
	GlobalSection(NestedProjects) = preSolution
		{778E1465-A216-4E57-BB0F-C0B2F236B302} = {72037252-E081-4664-8576-C63DBE0A7642}
		{1893D0AA-A8B8-4897-88BA-58720401E827} = {72037252-E081-4664-8576-C63DBE0A7642}
		{9BB4B89C-A92C-48B4-A5C4-07E5A909CB0D} = {72037252-E081-4664-8576-C63DBE0A7642}
		{C2D7E13F-93B2-40D7-9E96-423D185607AA} = {97B9E142-F167-4D41-9ED1-670FA6B89394}
		{2878F4B5-F7F5-4D8B-98B2-47EB6C978215} = {97B9E142-F167-4D41-9ED1-670FA6B89394}
		{792C62D7-22C1-4CD2-8CCE-157863A6BAF2} = {97B9E142-F167-4D41-9ED1-670FA6B89394}
	EndGlobalSection
	GlobalSection(ExtensibilityGlobals) = postSolution
		SolutionGuid = {18FF648E-E237-4F2B-B3E8-14257C5863AF}
	EndGlobalSection
EndGlobal
